
Microsoft Visual Studio Solution File, Format Version 12.00
# Visual Studio Version 16
VisualStudioVersion = 16.0.32413.511
MinimumVisualStudioVersion = 10.0.40219.1
Project("{FAE04EC0-301F-11D3-BF4B-00C04F79EFBC}") = "IncomeCalculator", "IncomeCalculator\IncomeCalculator.csproj", "{A29058B9-19F1-4A8F-98E2-3A939D8775DD}"
EndProject
Global
	GlobalSection(SolutionConfigurationPlatforms) = preSolution
		Debug|Any CPU = Debug|Any CPU
		Release|Any CPU = Release|Any CPU
	EndGlobalSection
	GlobalSection(ProjectConfigurationPlatforms) = postSolution
		{A29058B9-19F1-4A8F-98E2-3A939D8775DD}.Debug|Any CPU.ActiveCfg = Debug|Any CPU
		{A29058B9-19F1-4A8F-98E2-3A939D8775DD}.Debug|Any CPU.Build.0 = Debug|Any CPU
		{A29058B9-19F1-4A8F-98E2-3A939D8775DD}.Release|Any CPU.ActiveCfg = Release|Any CPU
		{A29058B9-19F1-4A8F-98E2-3A939D8775DD}.Release|Any CPU.Build.0 = Release|Any CPU
	EndGlobalSection
	GlobalSection(SolutionProperties) = preSolution
		HideSolutionNode = FALSE
	EndGlobalSection
	GlobalSection(ExtensibilityGlobals) = postSolution
		SolutionGuid = {6FB0498E-DAE1-465D-8BD5-849C41692722}
	EndGlobalSection
EndGlobal
